
Microsoft Visual Studio Solution File, Format Version 12.00
# Visual Studio Version 16
VisualStudioVersion = 16.0.29926.136
MinimumVisualStudioVersion = 10.0.40219.1
Project("{9A19103F-16F7-4668-BE54-9A1E7A4F7556}") = "REST_API_example", "REST_API_example.csproj", "{6BD230F3-A6EF-4F95-8DE7-4344F2D3D2FE}"
EndProject
Global
	GlobalSection(SolutionConfigurationPlatforms) = preSolution
		Debug|Any CPU = Debug|Any CPU
		Release|Any CPU = Release|Any CPU
	EndGlobalSection
	GlobalSection(ProjectConfigurationPlatforms) = postSolution
		{6BD230F3-A6EF-4F95-8DE7-4344F2D3D2FE}.Debug|Any CPU.ActiveCfg = Debug|Any CPU
		{6BD230F3-A6EF-4F95-8DE7-4344F2D3D2FE}.Debug|Any CPU.Build.0 = Debug|Any CPU
		{6BD230F3-A6EF-4F95-8DE7-4344F2D3D2FE}.Release|Any CPU.ActiveCfg = Release|Any CPU
		{6BD230F3-A6EF-4F95-8DE7-4344F2D3D2FE}.Release|Any CPU.Build.0 = Release|Any CPU
	EndGlobalSection
	GlobalSection(SolutionProperties) = preSolution
		HideSolutionNode = FALSE
	EndGlobalSection
	GlobalSection(ExtensibilityGlobals) = postSolution
		SolutionGuid = {FB3038D0-ACEE-4E2B-BFD7-86C3C664A74E}
	EndGlobalSection
EndGlobal
