
Microsoft Visual Studio Solution File, Format Version 12.00
# Visual Studio Version 16
VisualStudioVersion = 16.0.29926.136
MinimumVisualStudioVersion = 10.0.40219.1
Project("{9A19103F-16F7-4668-BE54-9A1E7A4F7556}") = "DI. FortuneTeller", "DI. FortuneTeller\DI. FortuneTeller.csproj", "{C42BA6A3-4D7A-4A60-A89A-9E95435A0EB9}"
EndProject
Project("{9A19103F-16F7-4668-BE54-9A1E7A4F7556}") = "Infestation reports", "..\.NET Core\.Net_Core_Repository\4.Dependency injection\Infestation reports\Infestation reports.csproj", "{73C559DD-30CC-433D-B8F0-E306328F788B}"
EndProject
Global
	GlobalSection(SolutionConfigurationPlatforms) = preSolution
		Debug|Any CPU = Debug|Any CPU
		Release|Any CPU = Release|Any CPU
	EndGlobalSection
	GlobalSection(ProjectConfigurationPlatforms) = postSolution
		{C42BA6A3-4D7A-4A60-A89A-9E95435A0EB9}.Debug|Any CPU.ActiveCfg = Debug|Any CPU
		{C42BA6A3-4D7A-4A60-A89A-9E95435A0EB9}.Debug|Any CPU.Build.0 = Debug|Any CPU
		{C42BA6A3-4D7A-4A60-A89A-9E95435A0EB9}.Release|Any CPU.ActiveCfg = Release|Any CPU
		{C42BA6A3-4D7A-4A60-A89A-9E95435A0EB9}.Release|Any CPU.Build.0 = Release|Any CPU
		{73C559DD-30CC-433D-B8F0-E306328F788B}.Debug|Any CPU.ActiveCfg = Debug|Any CPU
		{73C559DD-30CC-433D-B8F0-E306328F788B}.Debug|Any CPU.Build.0 = Debug|Any CPU
		{73C559DD-30CC-433D-B8F0-E306328F788B}.Release|Any CPU.ActiveCfg = Release|Any CPU
		{73C559DD-30CC-433D-B8F0-E306328F788B}.Release|Any CPU.Build.0 = Release|Any CPU
	EndGlobalSection
	GlobalSection(SolutionProperties) = preSolution
		HideSolutionNode = FALSE
	EndGlobalSection
	GlobalSection(ExtensibilityGlobals) = postSolution
		SolutionGuid = {D76FB13F-3BBB-424D-8462-73834128D25D}
	EndGlobalSection
EndGlobal
