
Microsoft Visual Studio Solution File, Format Version 12.00
# Visual Studio Version 16
VisualStudioVersion = 16.0.29926.136
MinimumVisualStudioVersion = 10.0.40219.1
Project("{FAE04EC0-301F-11D3-BF4B-00C04F79EFBC}") = "1.Introduction. Startup", "1.Introduction. Startup.csproj", "{BE336340-261F-4D29-9623-23DB1DA8142A}"
EndProject
Global
	GlobalSection(SolutionConfigurationPlatforms) = preSolution
		Debug|Any CPU = Debug|Any CPU
		Release|Any CPU = Release|Any CPU
	EndGlobalSection
	GlobalSection(ProjectConfigurationPlatforms) = postSolution
		{BE336340-261F-4D29-9623-23DB1DA8142A}.Debug|Any CPU.ActiveCfg = Debug|Any CPU
		{BE336340-261F-4D29-9623-23DB1DA8142A}.Debug|Any CPU.Build.0 = Debug|Any CPU
		{BE336340-261F-4D29-9623-23DB1DA8142A}.Release|Any CPU.ActiveCfg = Release|Any CPU
		{BE336340-261F-4D29-9623-23DB1DA8142A}.Release|Any CPU.Build.0 = Release|Any CPU
	EndGlobalSection
	GlobalSection(SolutionProperties) = preSolution
		HideSolutionNode = FALSE
	EndGlobalSection
	GlobalSection(ExtensibilityGlobals) = postSolution
		SolutionGuid = {C18EDEE4-61A5-4ECE-A23D-F7380AF2C31F}
	EndGlobalSection
EndGlobal
