
Microsoft Visual Studio Solution File, Format Version 12.00
# Visual Studio Version 16
VisualStudioVersion = 16.0.29926.136
MinimumVisualStudioVersion = 10.0.40219.1
Project("{FAE04EC0-301F-11D3-BF4B-00C04F79EFBC}") = "3. MVC. NewsBase", "3. MVC. NewsBase.csproj", "{2D91AA2A-573D-439F-B8F2-0AA8350766E4}"
EndProject
Global
	GlobalSection(SolutionConfigurationPlatforms) = preSolution
		Debug|Any CPU = Debug|Any CPU
		Release|Any CPU = Release|Any CPU
	EndGlobalSection
	GlobalSection(ProjectConfigurationPlatforms) = postSolution
		{2D91AA2A-573D-439F-B8F2-0AA8350766E4}.Debug|Any CPU.ActiveCfg = Debug|Any CPU
		{2D91AA2A-573D-439F-B8F2-0AA8350766E4}.Debug|Any CPU.Build.0 = Debug|Any CPU
		{2D91AA2A-573D-439F-B8F2-0AA8350766E4}.Release|Any CPU.ActiveCfg = Release|Any CPU
		{2D91AA2A-573D-439F-B8F2-0AA8350766E4}.Release|Any CPU.Build.0 = Release|Any CPU
	EndGlobalSection
	GlobalSection(SolutionProperties) = preSolution
		HideSolutionNode = FALSE
	EndGlobalSection
	GlobalSection(ExtensibilityGlobals) = postSolution
		SolutionGuid = {F4470AD8-08AB-46FD-8F06-00C5EA653D03}
	EndGlobalSection
EndGlobal
